
Microsoft Visual Studio Solution File, Format Version 12.00
# Visual Studio Version 17
VisualStudioVersion = 17.11.35327.3
MinimumVisualStudioVersion = 10.0.40219.1
Project("{FAE04EC0-301F-11D3-BF4B-00C04F79EFBC}") = "ПоискПростыхЧисел", "ПоискПростыхЧисел\ПоискПростыхЧисел.csproj", "{1C1E9550-EC5B-4FD1-8411-295E65AFAB62}"
EndProject
Global
	GlobalSection(SolutionConfigurationPlatforms) = preSolution
		Debug|Any CPU = Debug|Any CPU
		Release|Any CPU = Release|Any CPU
	EndGlobalSection
	GlobalSection(ProjectConfigurationPlatforms) = postSolution
		{1C1E9550-EC5B-4FD1-8411-295E65AFAB62}.Debug|Any CPU.ActiveCfg = Debug|Any CPU
		{1C1E9550-EC5B-4FD1-8411-295E65AFAB62}.Debug|Any CPU.Build.0 = Debug|Any CPU
		{1C1E9550-EC5B-4FD1-8411-295E65AFAB62}.Release|Any CPU.ActiveCfg = Release|Any CPU
		{1C1E9550-EC5B-4FD1-8411-295E65AFAB62}.Release|Any CPU.Build.0 = Release|Any CPU
	EndGlobalSection
	GlobalSection(SolutionProperties) = preSolution
		HideSolutionNode = FALSE
	EndGlobalSection
	GlobalSection(ExtensibilityGlobals) = postSolution
		SolutionGuid = {1008CF8F-A259-4758-ADCB-75E8F4FD6882}
	EndGlobalSection
EndGlobal
